
Microsoft Visual Studio Solution File, Format Version 12.00
# Visual Studio 15
VisualStudioVersion = 15.0.26730.12
MinimumVisualStudioVersion = 10.0.40219.1
Project("{9A19103F-16F7-4668-BE54-9A1E7A4F7556}") = "XMLCreator", "XMLCreator\XMLCreator.csproj", "{BFB54A68-406C-4525-831B-F8B77EAF20D9}"
EndProject
Project("{9A19103F-16F7-4668-BE54-9A1E7A4F7556}") = "XMLCreatorTests", "XMLCreatorTests\XMLCreatorTests.csproj", "{32AD90F1-982D-4330-910F-874DDD58202A}"
EndProject
Project("{FAE04EC0-301F-11D3-BF4B-00C04F79EFBC}") = "XMLCreatorBad", "XMLCreatorBad\XMLCreatorBad.csproj", "{3E935EA8-0B75-42D8-B6CB-6099A5F1E6CF}"
EndProject
Global
	GlobalSection(SolutionConfigurationPlatforms) = preSolution
		Debug|Any CPU = Debug|Any CPU
		Release|Any CPU = Release|Any CPU
	EndGlobalSection
	GlobalSection(ProjectConfigurationPlatforms) = postSolution
		{BFB54A68-406C-4525-831B-F8B77EAF20D9}.Debug|Any CPU.ActiveCfg = Debug|Any CPU
		{BFB54A68-406C-4525-831B-F8B77EAF20D9}.Debug|Any CPU.Build.0 = Debug|Any CPU
		{BFB54A68-406C-4525-831B-F8B77EAF20D9}.Release|Any CPU.ActiveCfg = Release|Any CPU
		{BFB54A68-406C-4525-831B-F8B77EAF20D9}.Release|Any CPU.Build.0 = Release|Any CPU
		{32AD90F1-982D-4330-910F-874DDD58202A}.Debug|Any CPU.ActiveCfg = Debug|Any CPU
		{32AD90F1-982D-4330-910F-874DDD58202A}.Debug|Any CPU.Build.0 = Debug|Any CPU
		{32AD90F1-982D-4330-910F-874DDD58202A}.Release|Any CPU.ActiveCfg = Release|Any CPU
		{32AD90F1-982D-4330-910F-874DDD58202A}.Release|Any CPU.Build.0 = Release|Any CPU
		{3E935EA8-0B75-42D8-B6CB-6099A5F1E6CF}.Debug|Any CPU.ActiveCfg = Debug|Any CPU
		{3E935EA8-0B75-42D8-B6CB-6099A5F1E6CF}.Debug|Any CPU.Build.0 = Debug|Any CPU
		{3E935EA8-0B75-42D8-B6CB-6099A5F1E6CF}.Release|Any CPU.ActiveCfg = Release|Any CPU
		{3E935EA8-0B75-42D8-B6CB-6099A5F1E6CF}.Release|Any CPU.Build.0 = Release|Any CPU
	EndGlobalSection
	GlobalSection(SolutionProperties) = preSolution
		HideSolutionNode = FALSE
	EndGlobalSection
	GlobalSection(ExtensibilityGlobals) = postSolution
		SolutionGuid = {56588F03-2937-4E23-A883-713B499A298B}
	EndGlobalSection
EndGlobal
